# THIS IS AN AUTOGENERATED FILE. DO NOT EDIT THIS FILE DIRECTLY.
# yarn lockfile v1


superstruct@^0.15.4:
  version "0.15.4"
  resolved "https://registry.yarnpkg.com/superstruct/-/superstruct-0.15.4.tgz#e3381dd84ca07e704e19f69eda74eee1a5efb1f9"
  integrity sha512-eOoMeSbP9ZJChNOm/9RYjE+F36rYR966AAqeG3xhQB02j2sfAUXDp4EQ/7bAOqnlJnuFDB8yvOu50SocvKpUEw==
